
Microsoft Visual Studio Solution File, Format Version 12.00
# Visual Studio Version 17
VisualStudioVersion = 17.5.33516.290
MinimumVisualStudioVersion = 10.0.40219.1
Project("{9A19103F-16F7-4668-BE54-9A1E7A4F7556}") = "FloorPlanMakerUI", "FloorPlanMaker\FloorPlanMakerUI.csproj", "{A4373FEF-F945-4DF5-971C-FA519F14FC5E}"
EndProject
Project("{9A19103F-16F7-4668-BE54-9A1E7A4F7556}") = "FloorplanClassLibrary", "FloorplanClassLibrary\FloorplanClassLibrary.csproj", "{668EF52A-8953-4F30-8A07-53F10F79A0B9}"
EndProject
Project("{9A19103F-16F7-4668-BE54-9A1E7A4F7556}") = "FloorplanUserControlLibrary", "FloorplanUserControlLibrary\FloorplanUserControlLibrary.csproj", "{5688C3E0-A5EF-4CD7-93A6-600C0F073E5A}"
EndProject
Project("{54435603-DBB4-11D2-8724-00A0C9A8B90C}") = "Rick's Floorplan Maker", "Rick's Floorplan Maker\Rick's Floorplan Maker.vdproj", "{0D1127D4-CF22-46CE-B25D-7E9FD0624424}"
EndProject
Project("{FAE04EC0-301F-11D3-BF4B-00C04F79EFBC}") = "FloorplanWebAPI", "FloorplanWebAPI\FloorplanWebAPI.csproj", "{1D6D6644-AF2C-4A67-B13C-B8FD288C7484}"
EndProject
Global
	GlobalSection(SolutionConfigurationPlatforms) = preSolution
		Debug|Any CPU = Debug|Any CPU
		Release|Any CPU = Release|Any CPU
	EndGlobalSection
	GlobalSection(ProjectConfigurationPlatforms) = postSolution
		{A4373FEF-F945-4DF5-971C-FA519F14FC5E}.Debug|Any CPU.ActiveCfg = Debug|Any CPU
		{A4373FEF-F945-4DF5-971C-FA519F14FC5E}.Debug|Any CPU.Build.0 = Debug|Any CPU
		{A4373FEF-F945-4DF5-971C-FA519F14FC5E}.Release|Any CPU.ActiveCfg = Release|Any CPU
		{A4373FEF-F945-4DF5-971C-FA519F14FC5E}.Release|Any CPU.Build.0 = Release|Any CPU
		{668EF52A-8953-4F30-8A07-53F10F79A0B9}.Debug|Any CPU.ActiveCfg = Debug|Any CPU
		{668EF52A-8953-4F30-8A07-53F10F79A0B9}.Debug|Any CPU.Build.0 = Debug|Any CPU
		{668EF52A-8953-4F30-8A07-53F10F79A0B9}.Release|Any CPU.ActiveCfg = Release|Any CPU
		{668EF52A-8953-4F30-8A07-53F10F79A0B9}.Release|Any CPU.Build.0 = Release|Any CPU
		{5688C3E0-A5EF-4CD7-93A6-600C0F073E5A}.Debug|Any CPU.ActiveCfg = Debug|Any CPU
		{5688C3E0-A5EF-4CD7-93A6-600C0F073E5A}.Debug|Any CPU.Build.0 = Debug|Any CPU
		{5688C3E0-A5EF-4CD7-93A6-600C0F073E5A}.Release|Any CPU.ActiveCfg = Release|Any CPU
		{5688C3E0-A5EF-4CD7-93A6-600C0F073E5A}.Release|Any CPU.Build.0 = Release|Any CPU
		{0D1127D4-CF22-46CE-B25D-7E9FD0624424}.Debug|Any CPU.ActiveCfg = Debug
		{0D1127D4-CF22-46CE-B25D-7E9FD0624424}.Release|Any CPU.ActiveCfg = Release
		{1D6D6644-AF2C-4A67-B13C-B8FD288C7484}.Debug|Any CPU.ActiveCfg = Debug|Any CPU
		{1D6D6644-AF2C-4A67-B13C-B8FD288C7484}.Debug|Any CPU.Build.0 = Debug|Any CPU
		{1D6D6644-AF2C-4A67-B13C-B8FD288C7484}.Release|Any CPU.ActiveCfg = Release|Any CPU
		{1D6D6644-AF2C-4A67-B13C-B8FD288C7484}.Release|Any CPU.Build.0 = Release|Any CPU
	EndGlobalSection
	GlobalSection(SolutionProperties) = preSolution
		HideSolutionNode = FALSE
	EndGlobalSection
	GlobalSection(ExtensibilityGlobals) = postSolution
		SolutionGuid = {E837FFF8-9350-4425-8A79-94B91353A1BC}
	EndGlobalSection
EndGlobal
